
Microsoft Visual Studio Solution File, Format Version 12.00
# Visual Studio Version 16
VisualStudioVersion = 16.0.32126.315
MinimumVisualStudioVersion = 10.0.40219.1
Project("{FAE04EC0-301F-11D3-BF4B-00C04F79EFBC}") = "rtlo-attack", "rtlo-attack.csproj", "{F00FA386-CAE0-496E-9330-6947EA5719EC}"
EndProject
Global
	GlobalSection(SolutionConfigurationPlatforms) = preSolution
		Debug|Any CPU = Debug|Any CPU
		Debug|x64 = Debug|x64
		Release|Any CPU = Release|Any CPU
		Release|x64 = Release|x64
	EndGlobalSection
	GlobalSection(ProjectConfigurationPlatforms) = postSolution
		{F00FA386-CAE0-496E-9330-6947EA5719EC}.Debug|Any CPU.ActiveCfg = Debug|Any CPU
		{F00FA386-CAE0-496E-9330-6947EA5719EC}.Debug|Any CPU.Build.0 = Debug|Any CPU
		{F00FA386-CAE0-496E-9330-6947EA5719EC}.Debug|x64.ActiveCfg = Debug|x64
		{F00FA386-CAE0-496E-9330-6947EA5719EC}.Debug|x64.Build.0 = Debug|x64
		{F00FA386-CAE0-496E-9330-6947EA5719EC}.Release|Any CPU.ActiveCfg = Release|Any CPU
		{F00FA386-CAE0-496E-9330-6947EA5719EC}.Release|Any CPU.Build.0 = Release|Any CPU
		{F00FA386-CAE0-496E-9330-6947EA5719EC}.Release|x64.ActiveCfg = Release|x64
		{F00FA386-CAE0-496E-9330-6947EA5719EC}.Release|x64.Build.0 = Release|x64
	EndGlobalSection
	GlobalSection(SolutionProperties) = preSolution
		HideSolutionNode = FALSE
	EndGlobalSection
	GlobalSection(ExtensibilityGlobals) = postSolution
		SolutionGuid = {07727A24-5364-4CE0-96C3-65E78EE238D6}
	EndGlobalSection
EndGlobal
